// !$*UTF8*$!
{
	archiveVersion = 1;
	classes = {
	};
	objectVersion = 46;
	objects = {

/* Begin PBXBuildFile section */
		D638F0901E4439950067CC4F /* AppDelegate.swift in Sources */ = {isa = PBXBuildFile; fileRef = D638F08F1E4439950067CC4F /* AppDelegate.swift */; };
		D638F0921E4439950067CC4F /* ViewController.swift in Sources */ = {isa = PBXBuildFile; fileRef = D638F0911E4439950067CC4F /* ViewController.swift */; };
		D638F0951E4439950067CC4F /* Main.storyboard in Resources */ = {isa = PBXBuildFile; fileRef = D638F0931E4439950067CC4F /* Main.storyboard */; };
		D638F0971E4439950067CC4F /* Assets.xcassets in Resources */ = {isa = PBXBuildFile; fileRef = D638F0961E4439950067CC4F /* Assets.xcassets */; };
		D638F09A1E4439950067CC4F /* LaunchScreen.storyboard in Resources */ = {isa = PBXBuildFile; fileRef = D638F0981E4439950067CC4F /* LaunchScreen.storyboard */; };
/* End PBXBuildFile section */

/* Begin PBXFileReference section */
		D638F08C1E4439950067CC4F /* TumblrFeed.app */ = {isa = PBXFileReference; explicitFileType = wrapper.application; includeInIndex = 0; path = TumblrFeed.app; sourceTree = BUILT_PRODUCTS_DIR; };
		D638F08F1E4439950067CC4F /* AppDelegate.swift */ = {isa = PBXFileReference; lastKnownFileType = sourcecode.swift; path = AppDelegate.swift; sourceTree = "<group>"; };
		D638F0911E4439950067CC4F /* ViewController.swift */ = {isa = PBXFileReference; lastKnownFileType = sourcecode.swift; path = ViewController.swift; sourceTree = "<group>"; };
		D638F0941E4439950067CC4F /* Base */ = {isa = PBXFileReference; lastKnownFileType = file.storyboard; name = Base; path = Base.lproj/Main.storyboard; sourceTree = "<group>"; };
		D638F0961E4439950067CC4F /* Assets.xcassets */ = {isa = PBXFileReference; lastKnownFileType = folder.assetcatalog; path = Assets.xcassets; sourceTree = "<group>"; };
		D638F0991E4439950067CC4F /* Base */ = {isa = PBXFileReference; lastKnownFileType = file.storyboard; name = Base; path = Base.lproj/LaunchScreen.storyboard; sourceTree = "<group>"; };
		D638F09B1E4439950067CC4F /* Info.plist */ = {isa = PBXFileReference; lastKnownFileType = text.plist.xml; path = Info.plist; sourceTree = "<group>"; };
/* End PBXFileReference section */

/* Begin PBXFrameworksBuildPhase section */
		D638F0891E4439950067CC4F /* Frameworks */ = {
			isa = PBXFrameworksBuildPhase;
			buildActionMask = 2147483647;
			files = (
			);
			runOnlyForDeploymentPostprocessing = 0;
		};
/* End PBXFrameworksBuildPhase section */

/* Begin PBXGroup section */
		D638F0831E4439950067CC4F = {
			isa = PBXGroup;
			children = (
				D638F08E1E4439950067CC4F /* TumblrFeed */,
				D638F08D1E4439950067CC4F /* Products */,
			);
			sourceTree = "<group>";
		};
		D638F08D1E4439950067CC4F /* Products */ = {
			isa = PBXGroup;
			children = (
				D638F08C1E4439950067CC4F /* TumblrFeed.app */,
			);
			name = Products;
			sourceTree = "<group>";
		};
		D638F08E1E4439950067CC4F /* TumblrFeed */ = {
			isa = PBXGroup;
			children = (
				D638F08F1E4439950067CC4F /* AppDelegate.swift */,
				D638F0911E4439950067CC4F /* ViewController.swift */,
				D638F0931E4439950067CC4F /* Main.storyboard */,
				D638F0961E4439950067CC4F /* Assets.xcassets */,
				D638F0981E4439950067CC4F /* LaunchScreen.storyboard */,
				D638F09B1E4439950067CC4F /* Info.plist */,
			);
			path = TumblrFeed;
			sourceTree = "<group>";
		};
/* End PBXGroup section */

/* Begin PBXNativeTarget section */
		D638F08B1E4439950067CC4F /* TumblrFeed */ = {
			isa = PBXNativeTarget;
			buildConfigurationList = D638F09E1E4439950067CC4F /* Build configuration list for PBXNativeTarget "TumblrFeed" */;
			buildPhases = (
				D638F0881E4439950067CC4F /* Sources */,
				D638F0891E4439950067CC4F /* Frameworks */,
				D638F08A1E4439950067CC4F /* Resources */,
			);
			buildRules = (
			);
			dependencies = (
			);
			name = TumblrFeed;
			productName = TumblrFeed;
			productReference = D638F08C1E4439950067CC4F /* TumblrFeed.app */;
			productType = "com.apple.product-type.application";
		};
/* End PBXNativeTarget section */

/* Begin PBXProject section */
		D638F0841E4439950067CC4F /* Project object */ = {
			isa = PBXProject;
			attributes = {
				LastSwiftUpdateCheck = 0820;
				LastUpgradeCheck = 0820;
				ORGANIZATIONNAME = "Sylvia Mach";
				TargetAttributes = {
					D638F08B1E4439950067CC4F = {
						CreatedOnToolsVersion = 8.2.1;
						ProvisioningStyle = Automatic;
					};
				};
			};
			buildConfigurationList = D638F0871E4439950067CC4F /* Build configuration list for PBXProject "TumblrFeed" */;
			compatibilityVersion = "Xcode 3.2";
			developmentRegion = English;
			hasScannedForEncodings = 0;
			knownRegions = (
				en,
				Base,
			);
			mainGroup = D638F0831E4439950067CC4F;
			productRefGroup = D638F08D1E4439950067CC4F /* Products */;
			projectDirPath = "";
			projectRoot = "";
			targets = (
				D638F08B1E4439950067CC4F /* TumblrFeed */,
			);
		};
/* End PBXProject section */

/* Begin PBXResourcesBuildPhase section */
		D638F08A1E4439950067CC4F /* Resources */ = {
			isa = PBXResourcesBuildPhase;
			buildActionMask = 2147483647;
			files = (
				D638F09A1E4439950067CC4F /* LaunchScreen.storyboard in Resources */,
				D638F0971E4439950067CC4F /* Assets.xcassets in Resources */,
				D638F0951E4439950067CC4F /* Main.storyboard in Resources */,
			);
			runOnlyForDeploymentPostprocessing = 0;
		};
/* End PBXResourcesBuildPhase section */

/* Begin PBXSourcesBuildPhase section */
		D638F0881E4439950067CC4F /* Sources */ = {
			isa = PBXSourcesBuildPhase;
			buildActionMask = 2147483647;
			files = (
				D638F0921E4439950067CC4F /* ViewController.swift in Sources */,
				D638F0901E4439950067CC4F /* AppDelegate.swift in Sources */,
			);
			runOnlyForDeploymentPostprocessing = 0;
		};
/* End PBXSourcesBuildPhase section */

/* Begin PBXVariantGroup section */
		D638F0931E4439950067CC4F /* Main.storyboard */ = {
			isa = PBXVariantGroup;
			children = (
				D638F0941E4439950067CC4F /* Base */,
			);
			name = Main.storyboard;
			sourceTree = "<group>";
		};
		D638F0981E4439950067CC4F /* LaunchScreen.storyboard */ = {
			isa = PBXVariantGroup;
			children = (
				D638F0991E4439950067CC4F /* Base */,
			);
			name = LaunchScreen.storyboard;
			sourceTree = "<group>";
		};
/* End PBXVariantGroup section */

/* Begin XCBuildConfiguration section */
		D638F09C1E4439950067CC4F /* Debug */ = {
			isa = XCBuildConfiguration;
			buildSettings = {
				ALWAYS_SEARCH_USER_PATHS = NO;
				CLANG_ANALYZER_NONNULL = YES;
				CLANG_CXX_LANGUAGE_STANDARD = "gnu++0x";
				CLANG_CXX_LIBRARY = "libc++";
				CLANG_ENABLE_MODULES = YES;
				CLANG_ENABLE_OBJC_ARC = YES;
				CLANG_WARN_BOOL_CONVERSION = YES;
				CLANG_WARN_CONSTANT_CONVERSION = YES;
				CLANG_WARN_DIRECT_OBJC_ISA_USAGE = YES_ERROR;
				CLANG_WARN_DOCUMENTATION_COMMENTS = YES;
				CLANG_WARN_EMPTY_BODY = YES;
				CLANG_WARN_ENUM_CONVERSION = YES;
				CLANG_WARN_INFINITE_RECURSION = YES;
				CLANG_WARN_INT_CONVERSION = YES;
				CLANG_WARN_OBJC_ROOT_CLASS = YES_ERROR;
				CLANG_WARN_SUSPICIOUS_MOVE = YES;
				CLANG_WARN_UNREACHABLE_CODE = YES;
				CLANG_WARN__DUPLICATE_METHOD_MATCH = YES;
				"CODE_SIGN_IDENTITY[sdk=iphoneos*]" = "iPhone Developer";
				COPY_PHASE_STRIP = NO;
				DEBUG_INFORMATION_FORMAT = dwarf;
				ENABLE_STRICT_OBJC_MSGSEND = YES;
				ENABLE_TESTABILITY = YES;
				GCC_C_LANGUAGE_STANDARD = gnu99;
				GCC_DYNAMIC_NO_PIC = NO;
				GCC_NO_COMMON_BLOCKS = YES;
				GCC_OPTIMIZATION_LEVEL = 0;
				GCC_PREPROCESSOR_DEFINITIONS = (
					"DEBUG=1",
					"$(inherited)",
				);
				GCC_WARN_64_TO_32_BIT_CONVERSION = YES;
				GCC_WARN_ABOUT_RETURN_TYPE = YES_ERROR;
				GCC_WARN_UNDECLARED_SELECTOR = YES;
				GCC_WARN_UNINITIALIZED_AUTOS = YES_AGGRESSIVE;
				GCC_WARN_UNUSED_FUNCTION = YES;
				GCC_WARN_UNUSED_VARIABLE = YES;
				IPHONEOS_DEPLOYMENT_TARGET = 10.2;
				MTL_ENABLE_DEBUG_INFO = YES;
				ONLY_ACTIVE_ARCH = YES;
				SDKROOT = iphoneos;
				SWIFT_ACTIVE_COMPILATION_CONDITIONS = DEBUG;
				SWIFT_OPTIMIZATION_LEVEL = "-Onone";
				TARGETED_DEVICE_FAMILY = "1,2";
			};
			name = Debug;
		};
		D638F09D1E4439950067CC4F /* Release */ = {
			isa = XCBuildConfiguration;
			buildSettings = {
				ALWAYS_SEARCH_USER_PATHS = NO;
				CLANG_ANALYZER_NONNULL = YES;
				CLANG_CXX_LANGUAGE_STANDARD = "gnu++0x";
				CLANG_CXX_LIBRARY = "libc++";
				CLANG_ENABLE_MODULES = YES;
				CLANG_ENABLE_OBJC_ARC = YES;
				CLANG_WARN_BOOL_CONVERSION = YES;
				CLANG_WARN_CONSTANT_CONVERSION = YES;
				CLANG_WARN_DIRECT_OBJC_ISA_USAGE = YES_ERROR;
				CLANG_WARN_DOCUMENTATION_COMMENTS = YES;
				CLANG_WARN_EMPTY_BODY = YES;
				CLANG_WARN_ENUM_CONVERSION = YES;
				CLANG_WARN_INFINITE_RECURSION = YES;
				CLANG_WARN_INT_CONVERSION = YES;
				CLANG_WARN_OBJC_ROOT_CLASS = YES_ERROR;
				CLANG_WARN_SUSPICIOUS_MOVE = YES;
				CLANG_WARN_UNREACHABLE_CODE = YES;
				CLANG_WARN__DUPLICATE_METHOD_MATCH = YES;
				"CODE_SIGN_IDENTITY[sdk=iphoneos*]" = "iPhone Developer";
				COPY_PHASE_STRIP = NO;
				DEBUG_INFORMATION_FORMAT = "dwarf-with-dsym";
				ENABLE_NS_ASSERTIONS = NO;
				ENABLE_STRICT_OBJC_MSGSEND = YES;
				GCC_C_LANGUAGE_STANDARD = gnu99;
				GCC_NO_COMMON_BLOCKS = YES;
				GCC_WARN_64_TO_32_BIT_CONVERSION = YES;
				GCC_WARN_ABOUT_RETURN_TYPE = YES_ERROR;
				GCC_WARN_UNDECLARED_SELECTOR = YES;
				GCC_WARN_UNINITIALIZED_AUTOS = YES_AGGRESSIVE;
				GCC_WARN_UNUSED_FUNCTION = YES;
				GCC_WARN_UNUSED_VARIABLE = YES;
				IPHONEOS_DEPLOYMENT_TARGET = 10.2;
				MTL_ENABLE_DEBUG_INFO = NO;
				SDKROOT = iphoneos;
				SWIFT_OPTIMIZATION_LEVEL = "-Owholemodule";
				TARGETED_DEVICE_FAMILY = "1,2";
				VALIDATE_PRODUCT = YES;
			};
			name = Release;
		};
		D638F09F1E4439950067CC4F /* Debug */ = {
			isa = XCBuildConfiguration;
			buildSettings = {
				ASSETCATALOG_COMPILER_APPICON_NAME = AppIcon;
				INFOPLIST_FILE = TumblrFeed/Info.plist;
				LD_RUNPATH_SEARCH_PATHS = "$(inherited) @executable_path/Frameworks";
				PRODUCT_BUNDLE_IDENTIFIER = codepath.com.TumblrFeed;
				PRODUCT_NAME = "$(TARGET_NAME)";
				SWIFT_VERSION = 3.0;
			};
			name = Debug;
		};
		D638F0A01E4439950067CC4F /* Release */ = {
			isa = XCBuildConfiguration;
			buildSettings = {
				ASSETCATALOG_COMPILER_APPICON_NAME = AppIcon;
				INFOPLIST_FILE = TumblrFeed/Info.plist;
				LD_RUNPATH_SEARCH_PATHS = "$(inherited) @executable_path/Frameworks";
				PRODUCT_BUNDLE_IDENTIFIER = codepath.com.TumblrFeed;
				PRODUCT_NAME = "$(TARGET_NAME)";
				SWIFT_VERSION = 3.0;
			};
			name = Release;
		};
/* End XCBuildConfiguration section */

/* Begin XCConfigurationList section */
		D638F0871E4439950067CC4F /* Build configuration list for PBXProject "TumblrFeed" */ = {
			isa = XCConfigurationList;
			buildConfigurations = (
				D638F09C1E4439950067CC4F /* Debug */,
				D638F09D1E4439950067CC4F /* Release */,
			);
			defaultConfigurationIsVisible = 0;
			defaultConfigurationName = Release;
		};
		D638F09E1E4439950067CC4F /* Build configuration list for PBXNativeTarget "TumblrFeed" */ = {
			isa = XCConfigurationList;
			buildConfigurations = (
				D638F09F1E4439950067CC4F /* Debug */,
				D638F0A01E4439950067CC4F /* Release */,
			);
			defaultConfigurationIsVisible = 0;
		};
/* End XCConfigurationList section */
	};
	rootObject = D638F0841E4439950067CC4F /* Project object */;
}
